{
  "object": {
    "pins": [
      {
        "package": "SDGCornerstone",
        "repositoryURL": "https://github.com/SDGGiesbrecht/SDGCornerstone",
        "state": {
          "branch": null,
          "revision": "01441ee811704cee7987c4698cc9f17f0cb4f2ef",
          "version": "4.4.1"
        }
      },
      {
        "package": "swift-numerics",
        "repositoryURL": "https://github.com/apple/swift-numerics",
        "state": {
          "branch": null,
          "revision": "5dfc460876510988560170cee3702ab01b89587a",
          "version": "0.0.5"
        }
      }
    ]
  },
  "version": 1
}
